<?xml version="1.0" encoding="utf-8"?>
<Project ToolsVersion="4.0" xmlns="http://schemas.microsoft.com/developer/msbuild/2003">
  <ItemGroup>
    <Filter Include="Source Files">
      <UniqueIdentifier>{4FC737F1-C7A5-4376-A066-2A32D752A2FF}</UniqueIdentifier>
      <Extensions>cpp;c;cc;cxx;c++;cppm;ixx;def;odl;idl;hpj;bat;asm;asmx</Extensions>
    </Filter>
    <Filter Include="Header Files">
      <UniqueIdentifier>{93995380-89BD-4b04-88EB-625FBE52EBFB}</UniqueIdentifier>
      <Extensions>h;hh;hpp;hxx;h++;hm;inl;inc;ipp;xsd</Extensions>
    </Filter>
    <Filter Include="Resource Files">
      <UniqueIdentifier>{67DA6AB6-F800-4c08-8B7A-83BB121AAD01}</UniqueIdentifier>
      <Extensions>rc;ico;cur;bmp;dlg;rc2;rct;bin;rgs;gif;jpg;jpeg;jpe;resx;tiff;tif;png;wav;mfcribbon-ms</Extensions>
    </Filter>
    <Filter Include="Source Files\imgui-1.91.9b">
      <UniqueIdentifier>{01d46af4-af5d-4d8e-b55d-410eb425d6f7}</UniqueIdentifier>
    </Filter>
    <Filter Include="Header Files\Apps">
      <UniqueIdentifier>{3346f4dc-96fc-4726-b063-a628579675db}</UniqueIdentifier>
    </Filter>
    <Filter Include="Header Files\Widgets">
      <UniqueIdentifier>{5ab471cb-f739-40d0-ac47-1731cb934d13}</UniqueIdentifier>
    </Filter>
    <Filter Include="Source Files\Apps">
      <UniqueIdentifier>{238abe12-ae07-4f8b-8a92-7c0bd4c94e7a}</UniqueIdentifier>
    </Filter>
    <Filter Include="Source Files\Widgets">
      <UniqueIdentifier>{42810222-c610-4fed-8732-8aaa151453e9}</UniqueIdentifier>
    </Filter>
  </ItemGroup>
  <ItemGroup>
    <ClCompile Include="Sandbox.cpp">
      <Filter>Source Files</Filter>
    </ClCompile>
    <ClCompile Include="DemoTriangleApp.cpp">
      <Filter>Source Files\Apps</Filter>
    </ClCompile>
    <ClCompile Include="$(IMGUI_DIR)\imgui.cpp">
      <Filter>Source Files\imgui-1.91.9b</Filter>
    </ClCompile>
    <ClCompile Include="$(IMGUI_DIR)\imgui_demo.cpp">
      <Filter>Source Files\imgui-1.91.9b</Filter>
    </ClCompile>
    <ClCompile Include="$(IMGUI_DIR)\imgui_draw.cpp">
      <Filter>Source Files\imgui-1.91.9b</Filter>
    </ClCompile>
    <ClCompile Include="$(IMGUI_DIR)\backends\imgui_impl_glfw.cpp">
      <Filter>Source Files\imgui-1.91.9b</Filter>
    </ClCompile>
    <ClCompile Include="$(IMGUI_DIR)\backends\imgui_impl_opengl3.cpp">
      <Filter>Source Files\imgui-1.91.9b</Filter>
    </ClCompile>
    <ClCompile Include="$(IMGUI_DIR)\imgui_tables.cpp">
      <Filter>Source Files\imgui-1.91.9b</Filter>
    </ClCompile>
    <ClCompile Include="$(IMGUI_DIR)\imgui_widgets.cpp">
      <Filter>Source Files\imgui-1.91.9b</Filter>
    </ClCompile>
    <ClCompile Include="ImGuiDemoWindowApp.cpp">
      <Filter>Source Files\Apps</Filter>
    </ClCompile>
    <ClCompile Include="BackgroundColorWidget.cpp">
      <Filter>Source Files\Widgets</Filter>
    </ClCompile>
    <ClCompile Include="PolygonModeWidget.cpp">
      <Filter>Source Files\Widgets</Filter>
    </ClCompile>
    <ClCompile Include="App.cpp">
      <Filter>Source Files\Apps</Filter>
    </ClCompile>
    <ClCompile Include="Widget.cpp">
      <Filter>Source Files\Widgets</Filter>
    </ClCompile>
    <ClCompile Include="EngineLogWidget.cpp">
      <Filter>Source Files\Widgets</Filter>
    </ClCompile>
    <ClCompile Include="DemoIndexedPointsApp.cpp">
      <Filter>Source Files\Apps</Filter>
    </ClCompile>
    <ClCompile Include="ShaderWidget.cpp">
      <Filter>Source Files\Widgets</Filter>
    </ClCompile>
    <ClCompile Include="DemoTriangleRGBApp.cpp">
      <Filter>Source Files\Apps</Filter>
    </ClCompile>
  </ItemGroup>
  <ItemGroup>
    <ClInclude Include="DemoTriangleApp.h">
      <Filter>Header Files\Apps</Filter>
    </ClInclude>
    <ClInclude Include="ImGuiDemoWindowApp.h">
      <Filter>Header Files\Apps</Filter>
    </ClInclude>
    <ClInclude Include="BackgroundColorWidget.h">
      <Filter>Header Files\Widgets</Filter>
    </ClInclude>
    <ClInclude Include="PolygonModeWidget.h">
      <Filter>Header Files\Widgets</Filter>
    </ClInclude>
    <ClInclude Include="Widget.h">
      <Filter>Header Files\Widgets</Filter>
    </ClInclude>
    <ClInclude Include="App.h">
      <Filter>Header Files\Apps</Filter>
    </ClInclude>
    <ClInclude Include="EngineLogWidget.h">
      <Filter>Header Files\Widgets</Filter>
    </ClInclude>
    <ClInclude Include="DemoIndexedPointsApp.h">
      <Filter>Header Files\Apps</Filter>
    </ClInclude>
    <ClInclude Include="ShaderWidget.h">
      <Filter>Header Files\Widgets</Filter>
    </ClInclude>
    <ClInclude Include="DemoTriangleRGBApp.h">
      <Filter>Header Files\Apps</Filter>
    </ClInclude>
    <ClInclude Include="fwd.h">
      <Filter>Header Files</Filter>
    </ClInclude>
  </ItemGroup>
</Project>