
Microsoft Visual Studio Solution File, Format Version 12.00
# Visual Studio Version 17
VisualStudioVersion = 17.13.35828.75
MinimumVisualStudioVersion = 10.0.40219.1
Project("{8BC9CEB8-8B4A-11D0-8D11-00A0C91BC942}") = "GraphicsEngine", "GraphicsEngine\GraphicsEngine.vcxproj", "{84FADF17-7B6F-42A5-A810-4C22F2FE6027}"
EndProject
Project("{8BC9CEB8-8B4A-11D0-8D11-00A0C91BC942}") = "Sandbox", "Sandbox\Sandbox.vcxproj", "{7865B966-3FBD-4E0A-BBE2-1F0311C6E7A9}"
	ProjectSection(ProjectDependencies) = postProject
		{84FADF17-7B6F-42A5-A810-4C22F2FE6027} = {84FADF17-7B6F-42A5-A810-4C22F2FE6027}
	EndProjectSection
EndProject
Global
	GlobalSection(SolutionConfigurationPlatforms) = preSolution
		Debug|x64 = Debug|x64
		Release|x64 = Release|x64
	EndGlobalSection
	GlobalSection(ProjectConfigurationPlatforms) = postSolution
		{84FADF17-7B6F-42A5-A810-4C22F2FE6027}.Debug|x64.ActiveCfg = Debug|x64
		{84FADF17-7B6F-42A5-A810-4C22F2FE6027}.Debug|x64.Build.0 = Debug|x64
		{84FADF17-7B6F-42A5-A810-4C22F2FE6027}.Release|x64.ActiveCfg = Release|x64
		{84FADF17-7B6F-42A5-A810-4C22F2FE6027}.Release|x64.Build.0 = Release|x64
		{7865B966-3FBD-4E0A-BBE2-1F0311C6E7A9}.Debug|x64.ActiveCfg = Debug|x64
		{7865B966-3FBD-4E0A-BBE2-1F0311C6E7A9}.Debug|x64.Build.0 = Debug|x64
		{7865B966-3FBD-4E0A-BBE2-1F0311C6E7A9}.Release|x64.ActiveCfg = Release|x64
		{7865B966-3FBD-4E0A-BBE2-1F0311C6E7A9}.Release|x64.Build.0 = Release|x64
	EndGlobalSection
	GlobalSection(SolutionProperties) = preSolution
		HideSolutionNode = FALSE
	EndGlobalSection
	GlobalSection(ExtensibilityGlobals) = postSolution
		SolutionGuid = {97546AEB-E1D0-49EF-9C5C-70B0BFB61639}
	EndGlobalSection
EndGlobal
